
Microsoft Visual Studio Solution File, Format Version 12.00
# Visual Studio Version 17
VisualStudioVersion = 17.8.34330.188
MinimumVisualStudioVersion = 10.0.40219.1
Project("{FAE04EC0-301F-11D3-BF4B-00C04F79EFBC}") = "EmpInfoStore", "EmpInfoStore\EmpInfoStore.csproj", "{9463D5B8-69C6-4D0F-8E87-FA17191D6D10}"
EndProject
Global
	GlobalSection(SolutionConfigurationPlatforms) = preSolution
		Debug|Any CPU = Debug|Any CPU
		Release|Any CPU = Release|Any CPU
	EndGlobalSection
	GlobalSection(ProjectConfigurationPlatforms) = postSolution
		{9463D5B8-69C6-4D0F-8E87-FA17191D6D10}.Debug|Any CPU.ActiveCfg = Debug|Any CPU
		{9463D5B8-69C6-4D0F-8E87-FA17191D6D10}.Debug|Any CPU.Build.0 = Debug|Any CPU
		{9463D5B8-69C6-4D0F-8E87-FA17191D6D10}.Release|Any CPU.ActiveCfg = Release|Any CPU
		{9463D5B8-69C6-4D0F-8E87-FA17191D6D10}.Release|Any CPU.Build.0 = Release|Any CPU
	EndGlobalSection
	GlobalSection(SolutionProperties) = preSolution
		HideSolutionNode = FALSE
	EndGlobalSection
	GlobalSection(ExtensibilityGlobals) = postSolution
		SolutionGuid = {82516DB9-85B8-4244-AD78-19ADA73AB588}
	EndGlobalSection
EndGlobal
